
Microsoft Visual Studio Solution File, Format Version 12.00
# Visual Studio Version 17
VisualStudioVersion = 17.2.32616.157
MinimumVisualStudioVersion = 10.0.40219.1
Project("{FAE04EC0-301F-11D3-BF4B-00C04F79EFBC}") = "AnimesAPI", "AnimesAPI\AnimesAPI.csproj", "{29F39771-6A65-49C6-9E24-289037698CDA}"
EndProject
Global
	GlobalSection(SolutionConfigurationPlatforms) = preSolution
		Debug|Any CPU = Debug|Any CPU
		Release|Any CPU = Release|Any CPU
	EndGlobalSection
	GlobalSection(ProjectConfigurationPlatforms) = postSolution
		{29F39771-6A65-49C6-9E24-289037698CDA}.Debug|Any CPU.ActiveCfg = Debug|Any CPU
		{29F39771-6A65-49C6-9E24-289037698CDA}.Debug|Any CPU.Build.0 = Debug|Any CPU
		{29F39771-6A65-49C6-9E24-289037698CDA}.Release|Any CPU.ActiveCfg = Release|Any CPU
		{29F39771-6A65-49C6-9E24-289037698CDA}.Release|Any CPU.Build.0 = Release|Any CPU
	EndGlobalSection
	GlobalSection(SolutionProperties) = preSolution
		HideSolutionNode = FALSE
	EndGlobalSection
	GlobalSection(ExtensibilityGlobals) = postSolution
		SolutionGuid = {8370EB10-9ECF-43E6-B04B-3C225E16163C}
	EndGlobalSection
EndGlobal
